Microsoft Visual Studio Solution File, Format Version 12.00
# Visual Studio Version 17
VisualStudioVersion = 17.5.2.0
MinimumVisualStudioVersion = 10.0.40219.1
Project("{FAE04EC0-301F-11D3-BF4B-00C04F79EFBC}") = "ExistentialCrisis", "ExistentialCrisis.csproj", "{9D2A86D1-208E-47D8-8DE9-03EED3E67303}"
EndProject
Global
	GlobalSection(SolutionConfigurationPlatforms) = preSolution
		Debug|Any CPU = Debug|Any CPU
		Release|Any CPU = Release|Any CPU
	EndGlobalSection
	GlobalSection(ProjectConfigurationPlatforms) = postSolution
		{9D2A86D1-208E-47D8-8DE9-03EED3E67303}.Debug|Any CPU.ActiveCfg = Debug|Any CPU
		{9D2A86D1-208E-47D8-8DE9-03EED3E67303}.Debug|Any CPU.Build.0 = Debug|Any CPU
		{9D2A86D1-208E-47D8-8DE9-03EED3E67303}.Release|Any CPU.ActiveCfg = Release|Any CPU
		{9D2A86D1-208E-47D8-8DE9-03EED3E67303}.Release|Any CPU.Build.0 = Release|Any CPU
	EndGlobalSection
	GlobalSection(SolutionProperties) = preSolution
		HideSolutionNode = FALSE
	EndGlobalSection
	GlobalSection(ExtensibilityGlobals) = postSolution
		SolutionGuid = {01F22522-9D86-4CE1-B69D-0BD1D2842795}
	EndGlobalSection
EndGlobal
